{
  "version": 4,
  "terraform_version": "1.5.7",
  "serial": 9,
  "lineage": "3ad08c09-16fd-22b3-473e-e55981c22e5b",
  "outputs": {},
  "resources": [
    {
      "mode": "data",
      "type": "local_file",
      "name": "name",
      "provider": "provider[\"registry.terraform.io/hashicorp/local\"]",
      "instances": [
        {
          "schema_version": 0,
          "attributes": {
            "content": "everyone",
            "content_base64": "ZXZlcnlvbmU=",
            "content_base64sha256": "XWeZGulnmUyUsuIaTWOcZZ01em+9P6dD5PZjikQNNcc=",
            "content_base64sha512": "5MFYRuHPF11QifpmZgaqDaeQJi5b+t6tPhjTqM/FZlQ1wV6r0ba+csvQOwQxZFziVtx9fdamAEX4FZVH61lRxw==",
            "content_md5": "ed881bac6397ede33c0a285c9f50bb83",
            "content_sha1": "a49a78f944bf1f73f3f7ff9672463bb1abd4a402",
            "content_sha256": "5d67991ae967994c94b2e21a4d639c659d357a6fbd3fa743e4f6638a440d35c7",
            "content_sha512": "e4c15846e1cf175d5089fa666606aa0da790262e5bfadead3e18d3a8cfc5665435c15eabd1b6be72cbd03b0431645ce256dc7d7dd6a60045f8159547eb5951c7",
            "filename": "./name.txt",
            "id": "a49a78f944bf1f73f3f7ff9672463bb1abd4a402"
          },
          "sensitive_attributes": []
        }
      ]
    },
    {
      "mode": "managed",
      "type": "local_file",
      "name": "hello",
      "provider": "provider[\"registry.terraform.io/hashicorp/local\"]",
      "instances": [
        {
          "index_key": "hello1",
          "schema_version": 0,
          "attributes": {
            "content": "hello everyone",
            "content_base64": null,
            "content_base64sha256": "4J+XD3N8+wAESnzgzhVrOsB58ZNjQflTfV7380OSZNQ=",
            "content_base64sha512": "e3uByCobOpX/FMRLMU8XkSwdopqYi6SSTw/oNkaRnKhXQ2BRowlgun8Wyx5/jTBfYBiyh3YL0c0aB0fcDbJRSg==",
            "content_md5": "d07f5871c889a088fdcaba9628003203",
            "content_sha1": "2d22b5b3df8b0ef47806601540da8cec0fb40bd6",
            "content_sha256": "e09f970f737cfb00044a7ce0ce156b3ac079f1936341f9537d5ef7f3439264d4",
            "content_sha512": "7b7b81c82a1b3a95ff14c44b314f17912c1da29a988ba4924f0fe83646919ca857436051a30960ba7f16cb1e7f8d305f6018b287760bd1cd1a0747dc0db2514a",
            "directory_permission": "0777",
            "file_permission": "0777",
            "filename": "./hello1.txt",
            "id": "2d22b5b3df8b0ef47806601540da8cec0fb40bd6",
            "sensitive_content": null,
            "source": null
          },
          "sensitive_attributes": [],
          "dependencies": [
            "data.local_file.name"
          ]
        },
        {
          "index_key": "hello2",
          "schema_version": 0,
          "attributes": {
            "content": "hello everyone",
            "content_base64": null,
            "content_base64sha256": "4J+XD3N8+wAESnzgzhVrOsB58ZNjQflTfV7380OSZNQ=",
            "content_base64sha512": "e3uByCobOpX/FMRLMU8XkSwdopqYi6SSTw/oNkaRnKhXQ2BRowlgun8Wyx5/jTBfYBiyh3YL0c0aB0fcDbJRSg==",
            "content_md5": "d07f5871c889a088fdcaba9628003203",
            "content_sha1": "2d22b5b3df8b0ef47806601540da8cec0fb40bd6",
            "content_sha256": "e09f970f737cfb00044a7ce0ce156b3ac079f1936341f9537d5ef7f3439264d4",
            "content_sha512": "7b7b81c82a1b3a95ff14c44b314f17912c1da29a988ba4924f0fe83646919ca857436051a30960ba7f16cb1e7f8d305f6018b287760bd1cd1a0747dc0db2514a",
            "directory_permission": "0777",
            "file_permission": "0777",
            "filename": "./hello2.txt",
            "id": "2d22b5b3df8b0ef47806601540da8cec0fb40bd6",
            "sensitive_content": null,
            "source": null
          },
          "sensitive_attributes": [],
          "dependencies": [
            "data.local_file.name"
          ]
        },
        {
          "index_key": "hello3",
          "schema_version": 0,
          "attributes": {
            "content": "hello everyone",
            "content_base64": null,
            "content_base64sha256": "4J+XD3N8+wAESnzgzhVrOsB58ZNjQflTfV7380OSZNQ=",
            "content_base64sha512": "e3uByCobOpX/FMRLMU8XkSwdopqYi6SSTw/oNkaRnKhXQ2BRowlgun8Wyx5/jTBfYBiyh3YL0c0aB0fcDbJRSg==",
            "content_md5": "d07f5871c889a088fdcaba9628003203",
            "content_sha1": "2d22b5b3df8b0ef47806601540da8cec0fb40bd6",
            "content_sha256": "e09f970f737cfb00044a7ce0ce156b3ac079f1936341f9537d5ef7f3439264d4",
            "content_sha512": "7b7b81c82a1b3a95ff14c44b314f17912c1da29a988ba4924f0fe83646919ca857436051a30960ba7f16cb1e7f8d305f6018b287760bd1cd1a0747dc0db2514a",
            "directory_permission": "0777",
            "file_permission": "0777",
            "filename": "./hello3.txt",
            "id": "2d22b5b3df8b0ef47806601540da8cec0fb40bd6",
            "sensitive_content": null,
            "source": null
          },
          "sensitive_attributes": [],
          "dependencies": [
            "data.local_file.name"
          ]
        }
      ]
    }
  ],
  "check_results": null
}
